
Microsoft Visual Studio Solution File, Format Version 12.00
# Visual Studio Version 16
VisualStudioVersion = 16.0.29926.136
MinimumVisualStudioVersion = 10.0.40219.1
Project("{FAE04EC0-301F-11D3-BF4B-00C04F79EFBC}") = "aspnet-core-jwt", "aspnet-core-jwt\aspnet-core-jwt.csproj", "{592486E2-FBEB-4435-821C-CF5F79714C1E}"
EndProject
Global
	GlobalSection(SolutionConfigurationPlatforms) = preSolution
		Debug|Any CPU = Debug|Any CPU
		Release|Any CPU = Release|Any CPU
	EndGlobalSection
	GlobalSection(ProjectConfigurationPlatforms) = postSolution
		{592486E2-FBEB-4435-821C-CF5F79714C1E}.Debug|Any CPU.ActiveCfg = Debug|Any CPU
		{592486E2-FBEB-4435-821C-CF5F79714C1E}.Debug|Any CPU.Build.0 = Debug|Any CPU
		{592486E2-FBEB-4435-821C-CF5F79714C1E}.Release|Any CPU.ActiveCfg = Release|Any CPU
		{592486E2-FBEB-4435-821C-CF5F79714C1E}.Release|Any CPU.Build.0 = Release|Any CPU
	EndGlobalSection
	GlobalSection(SolutionProperties) = preSolution
		HideSolutionNode = FALSE
	EndGlobalSection
	GlobalSection(ExtensibilityGlobals) = postSolution
		SolutionGuid = {09792F41-33DB-4EFE-B99F-684B1A315104}
	EndGlobalSection
EndGlobal
